
Microsoft Visual Studio Solution File, Format Version 12.00
# Visual Studio Version 17
VisualStudioVersion = 17.13.35825.156
MinimumVisualStudioVersion = 10.0.40219.1
Project("{FAE04EC0-301F-11D3-BF4B-00C04F79EFBC}") = "lab2", "lab2\lab2.csproj", "{D17BB16E-D0FE-42FD-9896-55B21CBEC6D1}"
EndProject
Project("{FAE04EC0-301F-11D3-BF4B-00C04F79EFBC}") = "lab1", "lab1\lab1.csproj", "{423E64C5-F3BE-42D8-94C0-4FDE4B389F8A}"
EndProject
Project("{FAE04EC0-301F-11D3-BF4B-00C04F79EFBC}") = "lab3", "lab3\lab3.csproj", "{C4A1A14C-3E2F-4EEE-9CEF-63ADA4B79091}"
EndProject
Global
	GlobalSection(SolutionConfigurationPlatforms) = preSolution
		Debug|Any CPU = Debug|Any CPU
		Release|Any CPU = Release|Any CPU
	EndGlobalSection
	GlobalSection(ProjectConfigurationPlatforms) = postSolution
		{D17BB16E-D0FE-42FD-9896-55B21CBEC6D1}.Debug|Any CPU.ActiveCfg = Debug|Any CPU
		{D17BB16E-D0FE-42FD-9896-55B21CBEC6D1}.Debug|Any CPU.Build.0 = Debug|Any CPU
		{D17BB16E-D0FE-42FD-9896-55B21CBEC6D1}.Release|Any CPU.ActiveCfg = Release|Any CPU
		{D17BB16E-D0FE-42FD-9896-55B21CBEC6D1}.Release|Any CPU.Build.0 = Release|Any CPU
		{423E64C5-F3BE-42D8-94C0-4FDE4B389F8A}.Debug|Any CPU.ActiveCfg = Debug|Any CPU
		{423E64C5-F3BE-42D8-94C0-4FDE4B389F8A}.Debug|Any CPU.Build.0 = Debug|Any CPU
		{423E64C5-F3BE-42D8-94C0-4FDE4B389F8A}.Release|Any CPU.ActiveCfg = Release|Any CPU
		{423E64C5-F3BE-42D8-94C0-4FDE4B389F8A}.Release|Any CPU.Build.0 = Release|Any CPU
		{C4A1A14C-3E2F-4EEE-9CEF-63ADA4B79091}.Debug|Any CPU.ActiveCfg = Debug|Any CPU
		{C4A1A14C-3E2F-4EEE-9CEF-63ADA4B79091}.Debug|Any CPU.Build.0 = Debug|Any CPU
		{C4A1A14C-3E2F-4EEE-9CEF-63ADA4B79091}.Release|Any CPU.ActiveCfg = Release|Any CPU
		{C4A1A14C-3E2F-4EEE-9CEF-63ADA4B79091}.Release|Any CPU.Build.0 = Release|Any CPU
	EndGlobalSection
	GlobalSection(SolutionProperties) = preSolution
		HideSolutionNode = FALSE
	EndGlobalSection
	GlobalSection(ExtensibilityGlobals) = postSolution
		SolutionGuid = {CA28C7AC-B14D-4907-AD69-324DC7DA8844}
	EndGlobalSection
EndGlobal
